
Microsoft Visual Studio Solution File, Format Version 12.00
# Visual Studio Version 16
VisualStudioVersion = 25.0.1703.8
MinimumVisualStudioVersion = 10.0.40219.1
Project("{FAE04EC0-301F-11D3-BF4B-00C04F79EFBC}") = "Practical_4.2", "Practical_4.2\Practical_4.2.csproj", "{608999CB-DAD1-45E9-9B5E-DFD60049596B}"
EndProject
Global
	GlobalSection(SolutionConfigurationPlatforms) = preSolution
		Debug|Any CPU = Debug|Any CPU
		Release|Any CPU = Release|Any CPU
	EndGlobalSection
	GlobalSection(ProjectConfigurationPlatforms) = postSolution
		{608999CB-DAD1-45E9-9B5E-DFD60049596B}.Debug|Any CPU.ActiveCfg = Debug|Any CPU
		{608999CB-DAD1-45E9-9B5E-DFD60049596B}.Debug|Any CPU.Build.0 = Debug|Any CPU
		{608999CB-DAD1-45E9-9B5E-DFD60049596B}.Release|Any CPU.ActiveCfg = Release|Any CPU
		{608999CB-DAD1-45E9-9B5E-DFD60049596B}.Release|Any CPU.Build.0 = Release|Any CPU
	EndGlobalSection
	GlobalSection(SolutionProperties) = preSolution
		HideSolutionNode = FALSE
	EndGlobalSection
	GlobalSection(ExtensibilityGlobals) = postSolution
		SolutionGuid = {B9201EF0-4B7B-44CB-B192-B061F8889115}
	EndGlobalSection
EndGlobal
