
Microsoft Visual Studio Solution File, Format Version 12.00
# Visual Studio Version 16
VisualStudioVersion = 25.0.1703.8
MinimumVisualStudioVersion = 10.0.40219.1
Project("{FAE04EC0-301F-11D3-BF4B-00C04F79EFBC}") = "Practice_7.2", "Practice_7.2\Practice_7.2.csproj", "{A150D461-FADC-4609-9966-B0BF1CAE504C}"
EndProject
Global
	GlobalSection(SolutionConfigurationPlatforms) = preSolution
		Debug|Any CPU = Debug|Any CPU
		Release|Any CPU = Release|Any CPU
	EndGlobalSection
	GlobalSection(ProjectConfigurationPlatforms) = postSolution
		{A150D461-FADC-4609-9966-B0BF1CAE504C}.Debug|Any CPU.ActiveCfg = Debug|Any CPU
		{A150D461-FADC-4609-9966-B0BF1CAE504C}.Debug|Any CPU.Build.0 = Debug|Any CPU
		{A150D461-FADC-4609-9966-B0BF1CAE504C}.Release|Any CPU.ActiveCfg = Release|Any CPU
		{A150D461-FADC-4609-9966-B0BF1CAE504C}.Release|Any CPU.Build.0 = Release|Any CPU
	EndGlobalSection
	GlobalSection(SolutionProperties) = preSolution
		HideSolutionNode = FALSE
	EndGlobalSection
	GlobalSection(ExtensibilityGlobals) = postSolution
		SolutionGuid = {C83E2366-77F5-4AC5-922D-145F314E9ABF}
	EndGlobalSection
EndGlobal
