
Microsoft Visual Studio Solution File, Format Version 12.00
# Visual Studio Version 16
VisualStudioVersion = 25.0.1703.8
MinimumVisualStudioVersion = 10.0.40219.1
Project("{FAE04EC0-301F-11D3-BF4B-00C04F79EFBC}") = "Practice_6.5", "Practice_6.5\Practice_6.5.csproj", "{B69CDC9C-0902-4565-A4DF-09005C0F8080}"
EndProject
Global
	GlobalSection(SolutionConfigurationPlatforms) = preSolution
		Debug|Any CPU = Debug|Any CPU
		Release|Any CPU = Release|Any CPU
	EndGlobalSection
	GlobalSection(ProjectConfigurationPlatforms) = postSolution
		{B69CDC9C-0902-4565-A4DF-09005C0F8080}.Debug|Any CPU.ActiveCfg = Debug|Any CPU
		{B69CDC9C-0902-4565-A4DF-09005C0F8080}.Debug|Any CPU.Build.0 = Debug|Any CPU
		{B69CDC9C-0902-4565-A4DF-09005C0F8080}.Release|Any CPU.ActiveCfg = Release|Any CPU
		{B69CDC9C-0902-4565-A4DF-09005C0F8080}.Release|Any CPU.Build.0 = Release|Any CPU
	EndGlobalSection
	GlobalSection(SolutionProperties) = preSolution
		HideSolutionNode = FALSE
	EndGlobalSection
	GlobalSection(ExtensibilityGlobals) = postSolution
		SolutionGuid = {A5CEE722-6FB7-401D-A034-049AD9FF6E70}
	EndGlobalSection
EndGlobal
