
Microsoft Visual Studio Solution File, Format Version 12.00
# Visual Studio Version 16
VisualStudioVersion = 25.0.1704.0
MinimumVisualStudioVersion = 10.0.40219.1
Project("{FAE04EC0-301F-11D3-BF4B-00C04F79EFBC}") = "Practice_24.1", "Practice_24.1\Practice_24.1.csproj", "{FCB5DD8F-A59B-4D84-99D5-72053B363C81}"
EndProject
Global
	GlobalSection(SolutionConfigurationPlatforms) = preSolution
		Debug|Any CPU = Debug|Any CPU
		Release|Any CPU = Release|Any CPU
	EndGlobalSection
	GlobalSection(ProjectConfigurationPlatforms) = postSolution
		{FCB5DD8F-A59B-4D84-99D5-72053B363C81}.Debug|Any CPU.ActiveCfg = Debug|Any CPU
		{FCB5DD8F-A59B-4D84-99D5-72053B363C81}.Debug|Any CPU.Build.0 = Debug|Any CPU
		{FCB5DD8F-A59B-4D84-99D5-72053B363C81}.Release|Any CPU.ActiveCfg = Release|Any CPU
		{FCB5DD8F-A59B-4D84-99D5-72053B363C81}.Release|Any CPU.Build.0 = Release|Any CPU
	EndGlobalSection
	GlobalSection(SolutionProperties) = preSolution
		HideSolutionNode = FALSE
	EndGlobalSection
	GlobalSection(ExtensibilityGlobals) = postSolution
		SolutionGuid = {B62E3DF6-048A-4DFF-8832-3A98FA12FC24}
	EndGlobalSection
EndGlobal
