
Microsoft Visual Studio Solution File, Format Version 12.00
# Visual Studio Version 16
VisualStudioVersion = 25.0.1703.8
MinimumVisualStudioVersion = 10.0.40219.1
Project("{FAE04EC0-301F-11D3-BF4B-00C04F79EFBC}") = "Practice_5.6", "Practice_5.6\Practice_5.6.csproj", "{6021B656-B3DA-4A53-A4FA-61B47ABF8582}"
EndProject
Global
	GlobalSection(SolutionConfigurationPlatforms) = preSolution
		Debug|Any CPU = Debug|Any CPU
		Release|Any CPU = Release|Any CPU
	EndGlobalSection
	GlobalSection(ProjectConfigurationPlatforms) = postSolution
		{6021B656-B3DA-4A53-A4FA-61B47ABF8582}.Debug|Any CPU.ActiveCfg = Debug|Any CPU
		{6021B656-B3DA-4A53-A4FA-61B47ABF8582}.Debug|Any CPU.Build.0 = Debug|Any CPU
		{6021B656-B3DA-4A53-A4FA-61B47ABF8582}.Release|Any CPU.ActiveCfg = Release|Any CPU
		{6021B656-B3DA-4A53-A4FA-61B47ABF8582}.Release|Any CPU.Build.0 = Release|Any CPU
	EndGlobalSection
	GlobalSection(SolutionProperties) = preSolution
		HideSolutionNode = FALSE
	EndGlobalSection
	GlobalSection(ExtensibilityGlobals) = postSolution
		SolutionGuid = {9B2D63C3-27D2-413A-BFF3-4820BCEAB987}
	EndGlobalSection
EndGlobal
