
Microsoft Visual Studio Solution File, Format Version 12.00
# Visual Studio Version 16
VisualStudioVersion = 25.0.1703.8
MinimumVisualStudioVersion = 10.0.40219.1
Project("{FAE04EC0-301F-11D3-BF4B-00C04F79EFBC}") = "Practice_5.7", "Practice_5.7\Practice_5.7.csproj", "{31AE6573-CDE9-4AA5-B8CF-83201996B864}"
EndProject
Global
	GlobalSection(SolutionConfigurationPlatforms) = preSolution
		Debug|Any CPU = Debug|Any CPU
		Release|Any CPU = Release|Any CPU
	EndGlobalSection
	GlobalSection(ProjectConfigurationPlatforms) = postSolution
		{31AE6573-CDE9-4AA5-B8CF-83201996B864}.Debug|Any CPU.ActiveCfg = Debug|Any CPU
		{31AE6573-CDE9-4AA5-B8CF-83201996B864}.Debug|Any CPU.Build.0 = Debug|Any CPU
		{31AE6573-CDE9-4AA5-B8CF-83201996B864}.Release|Any CPU.ActiveCfg = Release|Any CPU
		{31AE6573-CDE9-4AA5-B8CF-83201996B864}.Release|Any CPU.Build.0 = Release|Any CPU
	EndGlobalSection
	GlobalSection(SolutionProperties) = preSolution
		HideSolutionNode = FALSE
	EndGlobalSection
	GlobalSection(ExtensibilityGlobals) = postSolution
		SolutionGuid = {CFC90297-9032-4374-AD79-2745821B3685}
	EndGlobalSection
EndGlobal
