
Microsoft Visual Studio Solution File, Format Version 12.00
# Visual Studio Version 16
VisualStudioVersion = 25.0.1703.8
MinimumVisualStudioVersion = 10.0.40219.1
Project("{FAE04EC0-301F-11D3-BF4B-00C04F79EFBC}") = "Practical_4.6", "Practical_4.6\Practical_4.6.csproj", "{F2C25404-EF0F-4B50-AB91-05470D79F4EC}"
EndProject
Global
	GlobalSection(SolutionConfigurationPlatforms) = preSolution
		Debug|Any CPU = Debug|Any CPU
		Release|Any CPU = Release|Any CPU
	EndGlobalSection
	GlobalSection(ProjectConfigurationPlatforms) = postSolution
		{F2C25404-EF0F-4B50-AB91-05470D79F4EC}.Debug|Any CPU.ActiveCfg = Debug|Any CPU
		{F2C25404-EF0F-4B50-AB91-05470D79F4EC}.Debug|Any CPU.Build.0 = Debug|Any CPU
		{F2C25404-EF0F-4B50-AB91-05470D79F4EC}.Release|Any CPU.ActiveCfg = Release|Any CPU
		{F2C25404-EF0F-4B50-AB91-05470D79F4EC}.Release|Any CPU.Build.0 = Release|Any CPU
	EndGlobalSection
	GlobalSection(SolutionProperties) = preSolution
		HideSolutionNode = FALSE
	EndGlobalSection
	GlobalSection(ExtensibilityGlobals) = postSolution
		SolutionGuid = {219C97CB-0DFA-4C6F-85EE-1E5BC565A0D1}
	EndGlobalSection
EndGlobal
