
Microsoft Visual Studio Solution File, Format Version 12.00
# Visual Studio Version 16
VisualStudioVersion = 25.0.1703.8
MinimumVisualStudioVersion = 10.0.40219.1
Project("{FAE04EC0-301F-11D3-BF4B-00C04F79EFBC}") = "Practice_14.1", "Practice_14.1\Practice_14.1.csproj", "{287CFC81-699A-4137-80DB-1BF2F4357498}"
EndProject
Global
	GlobalSection(SolutionConfigurationPlatforms) = preSolution
		Debug|Any CPU = Debug|Any CPU
		Release|Any CPU = Release|Any CPU
	EndGlobalSection
	GlobalSection(ProjectConfigurationPlatforms) = postSolution
		{287CFC81-699A-4137-80DB-1BF2F4357498}.Debug|Any CPU.ActiveCfg = Debug|Any CPU
		{287CFC81-699A-4137-80DB-1BF2F4357498}.Debug|Any CPU.Build.0 = Debug|Any CPU
		{287CFC81-699A-4137-80DB-1BF2F4357498}.Release|Any CPU.ActiveCfg = Release|Any CPU
		{287CFC81-699A-4137-80DB-1BF2F4357498}.Release|Any CPU.Build.0 = Release|Any CPU
	EndGlobalSection
	GlobalSection(SolutionProperties) = preSolution
		HideSolutionNode = FALSE
	EndGlobalSection
	GlobalSection(ExtensibilityGlobals) = postSolution
		SolutionGuid = {942432E9-9389-4500-9CA6-5A99A10AC742}
	EndGlobalSection
EndGlobal
