
Microsoft Visual Studio Solution File, Format Version 12.00
# Visual Studio Version 16
VisualStudioVersion = 25.0.1703.8
MinimumVisualStudioVersion = 10.0.40219.1
Project("{FAE04EC0-301F-11D3-BF4B-00C04F79EFBC}") = "Practice_7.1", "Practice_7.1\Practice_7.1.csproj", "{566478B8-B131-40F8-945E-111D5B1C2ABB}"
EndProject
Global
	GlobalSection(SolutionConfigurationPlatforms) = preSolution
		Debug|Any CPU = Debug|Any CPU
		Release|Any CPU = Release|Any CPU
	EndGlobalSection
	GlobalSection(ProjectConfigurationPlatforms) = postSolution
		{566478B8-B131-40F8-945E-111D5B1C2ABB}.Debug|Any CPU.ActiveCfg = Debug|Any CPU
		{566478B8-B131-40F8-945E-111D5B1C2ABB}.Debug|Any CPU.Build.0 = Debug|Any CPU
		{566478B8-B131-40F8-945E-111D5B1C2ABB}.Release|Any CPU.ActiveCfg = Release|Any CPU
		{566478B8-B131-40F8-945E-111D5B1C2ABB}.Release|Any CPU.Build.0 = Release|Any CPU
	EndGlobalSection
	GlobalSection(SolutionProperties) = preSolution
		HideSolutionNode = FALSE
	EndGlobalSection
	GlobalSection(ExtensibilityGlobals) = postSolution
		SolutionGuid = {23378B3B-2E32-4317-A4B0-B1F531DABA61}
	EndGlobalSection
EndGlobal
