
Microsoft Visual Studio Solution File, Format Version 12.00
# Visual Studio Version 16
VisualStudioVersion = 25.0.1703.8
MinimumVisualStudioVersion = 10.0.40219.1
Project("{FAE04EC0-301F-11D3-BF4B-00C04F79EFBC}") = "Practice_5.2", "Practice_5.2\Practice_5.2.csproj", "{4ACB4188-05FE-44C0-89C1-0E06FADE5302}"
EndProject
Global
	GlobalSection(SolutionConfigurationPlatforms) = preSolution
		Debug|Any CPU = Debug|Any CPU
		Release|Any CPU = Release|Any CPU
	EndGlobalSection
	GlobalSection(ProjectConfigurationPlatforms) = postSolution
		{4ACB4188-05FE-44C0-89C1-0E06FADE5302}.Debug|Any CPU.ActiveCfg = Debug|Any CPU
		{4ACB4188-05FE-44C0-89C1-0E06FADE5302}.Debug|Any CPU.Build.0 = Debug|Any CPU
		{4ACB4188-05FE-44C0-89C1-0E06FADE5302}.Release|Any CPU.ActiveCfg = Release|Any CPU
		{4ACB4188-05FE-44C0-89C1-0E06FADE5302}.Release|Any CPU.Build.0 = Release|Any CPU
	EndGlobalSection
	GlobalSection(SolutionProperties) = preSolution
		HideSolutionNode = FALSE
	EndGlobalSection
	GlobalSection(ExtensibilityGlobals) = postSolution
		SolutionGuid = {E68466E5-B1FB-427C-99C8-4C952219E1FA}
	EndGlobalSection
EndGlobal
