
Microsoft Visual Studio Solution File, Format Version 12.00
# Visual Studio Version 16
VisualStudioVersion = 25.0.1703.8
MinimumVisualStudioVersion = 10.0.40219.1
Project("{FAE04EC0-301F-11D3-BF4B-00C04F79EFBC}") = "Practical_3.4", "Practical_3.4\Practical_3.4.csproj", "{C5C1C5FC-E9D5-4D3A-A66A-2761D9717228}"
EndProject
Global
	GlobalSection(SolutionConfigurationPlatforms) = preSolution
		Debug|Any CPU = Debug|Any CPU
		Release|Any CPU = Release|Any CPU
	EndGlobalSection
	GlobalSection(ProjectConfigurationPlatforms) = postSolution
		{C5C1C5FC-E9D5-4D3A-A66A-2761D9717228}.Debug|Any CPU.ActiveCfg = Debug|Any CPU
		{C5C1C5FC-E9D5-4D3A-A66A-2761D9717228}.Debug|Any CPU.Build.0 = Debug|Any CPU
		{C5C1C5FC-E9D5-4D3A-A66A-2761D9717228}.Release|Any CPU.ActiveCfg = Release|Any CPU
		{C5C1C5FC-E9D5-4D3A-A66A-2761D9717228}.Release|Any CPU.Build.0 = Release|Any CPU
	EndGlobalSection
	GlobalSection(SolutionProperties) = preSolution
		HideSolutionNode = FALSE
	EndGlobalSection
	GlobalSection(ExtensibilityGlobals) = postSolution
		SolutionGuid = {7C08042F-3641-4482-82DD-581B3A720B13}
	EndGlobalSection
EndGlobal
