
Microsoft Visual Studio Solution File, Format Version 12.00
# Visual Studio Version 16
VisualStudioVersion = 25.0.1703.8
MinimumVisualStudioVersion = 10.0.40219.1
Project("{FAE04EC0-301F-11D3-BF4B-00C04F79EFBC}") = "Practice_6.9", "Practice_6.9\Practice_6.9.csproj", "{93133C71-B18F-409A-90A2-802BE393DC7F}"
EndProject
Global
	GlobalSection(SolutionConfigurationPlatforms) = preSolution
		Debug|Any CPU = Debug|Any CPU
		Release|Any CPU = Release|Any CPU
	EndGlobalSection
	GlobalSection(ProjectConfigurationPlatforms) = postSolution
		{93133C71-B18F-409A-90A2-802BE393DC7F}.Debug|Any CPU.ActiveCfg = Debug|Any CPU
		{93133C71-B18F-409A-90A2-802BE393DC7F}.Debug|Any CPU.Build.0 = Debug|Any CPU
		{93133C71-B18F-409A-90A2-802BE393DC7F}.Release|Any CPU.ActiveCfg = Release|Any CPU
		{93133C71-B18F-409A-90A2-802BE393DC7F}.Release|Any CPU.Build.0 = Release|Any CPU
	EndGlobalSection
	GlobalSection(SolutionProperties) = preSolution
		HideSolutionNode = FALSE
	EndGlobalSection
	GlobalSection(ExtensibilityGlobals) = postSolution
		SolutionGuid = {CDCCD97D-3CBA-4C4F-B33B-AF05213CCA38}
	EndGlobalSection
EndGlobal
